
Microsoft Visual Studio Solution File, Format Version 12.00
# Visual Studio Version 17
VisualStudioVersion = 17.14.37614.0 d17.14
MinimumVisualStudioVersion = 10.0.40219.1
Project("{FAE04EC0-301F-11D3-BF4B-00C04F79EFBC}") = "SALVADOR_SUPER_CLAS", "SALVADOR_SUPER_CLAS\SALVADOR_SUPER_CLAS.csproj", "{62C6BFDE-5028-4023-A01C-C972812D386B}"
EndProject
Global
	GlobalSection(SolutionConfigurationPlatforms) = preSolution
		Debug|Any CPU = Debug|Any CPU
		Release|Any CPU = Release|Any CPU
	EndGlobalSection
	GlobalSection(ProjectConfigurationPlatforms) = postSolution
		{62C6BFDE-5028-4023-A01C-C972812D386B}.Debug|Any CPU.ActiveCfg = Debug|Any CPU
		{62C6BFDE-5028-4023-A01C-C972812D386B}.Debug|Any CPU.Build.0 = Debug|Any CPU
		{62C6BFDE-5028-4023-A01C-C972812D386B}.Release|Any CPU.ActiveCfg = Release|Any CPU
		{62C6BFDE-5028-4023-A01C-C972812D386B}.Release|Any CPU.Build.0 = Release|Any CPU
	EndGlobalSection
	GlobalSection(SolutionProperties) = preSolution
		HideSolutionNode = FALSE
	EndGlobalSection
	GlobalSection(ExtensibilityGlobals) = postSolution
		SolutionGuid = {EEC0F6E8-C0D9-45F9-8899-99C3B8259705}
	EndGlobalSection
EndGlobal
